
Microsoft Visual Studio Solution File, Format Version 12.00
# Visual Studio Version 17
VisualStudioVersion = 17.9.34902.65
MinimumVisualStudioVersion = 10.0.40219.1
Project("{9A19103F-16F7-4668-BE54-9A1E7A4F7556}") = "AlgorithmCourse", "AlgorithmCourse.csproj", "{53B45061-827D-4C82-862B-D12DAADFFE0C}"
EndProject
Project("{FAE04EC0-301F-11D3-BF4B-00C04F79EFBC}") = "AlgorithmCourse.Tests", "..\AlgorithmCourse.Tests\AlgorithmCourse.Tests.csproj", "{0D43833A-ABF5-4766-A62B-BD4819CC5184}"
EndProject
Global
	GlobalSection(SolutionConfigurationPlatforms) = preSolution
		Debug|Any CPU = Debug|Any CPU
		Release|Any CPU = Release|Any CPU
	EndGlobalSection
	GlobalSection(ProjectConfigurationPlatforms) = postSolution
		{53B45061-827D-4C82-862B-D12DAADFFE0C}.Debug|Any CPU.ActiveCfg = Debug|Any CPU
		{53B45061-827D-4C82-862B-D12DAADFFE0C}.Debug|Any CPU.Build.0 = Debug|Any CPU
		{53B45061-827D-4C82-862B-D12DAADFFE0C}.Release|Any CPU.ActiveCfg = Release|Any CPU
		{53B45061-827D-4C82-862B-D12DAADFFE0C}.Release|Any CPU.Build.0 = Release|Any CPU
		{0D43833A-ABF5-4766-A62B-BD4819CC5184}.Debug|Any CPU.ActiveCfg = Debug|Any CPU
		{0D43833A-ABF5-4766-A62B-BD4819CC5184}.Debug|Any CPU.Build.0 = Debug|Any CPU
		{0D43833A-ABF5-4766-A62B-BD4819CC5184}.Release|Any CPU.ActiveCfg = Release|Any CPU
		{0D43833A-ABF5-4766-A62B-BD4819CC5184}.Release|Any CPU.Build.0 = Release|Any CPU
	EndGlobalSection
	GlobalSection(SolutionProperties) = preSolution
		HideSolutionNode = FALSE
	EndGlobalSection
	GlobalSection(ExtensibilityGlobals) = postSolution
		SolutionGuid = {566ACABD-6A86-41F8-B9B4-221BF39644AE}
	EndGlobalSection
EndGlobal
